
Microsoft Visual Studio Solution File, Format Version 11.00
# Visual Studio 2010
Project("{2150E333-8FDC-42A3-9474-1A3956D46DE8}") = "Solution Items", "Solution Items", "{A216F22F-261A-449C-ABA7-3A6868DDA65A}"
	ProjectSection(SolutionItems) = preProject
		License.txt = License.txt
	EndProjectSection
EndProject
Project("{2150E333-8FDC-42A3-9474-1A3956D46DE8}") = "2.5", "2.5", "{A23EB4DF-AFEC-4EE6-A857-21762D0A2028}"
	ProjectSection(SolutionItems) = preProject
		..\References\2.5\Vixen.exe = ..\References\2.5\Vixen.exe
	EndProjectSection
EndProject
Project("{2150E333-8FDC-42A3-9474-1A3956D46DE8}") = "2.1", "2.1", "{02CDE400-D07A-4148-A699-1118ABC93982}"
	ProjectSection(SolutionItems) = preProject
		..\References\2.1\Vixen.exe = ..\References\2.1\Vixen.exe
	EndProjectSection
EndProject
Project("{FAE04EC0-301F-11D3-BF4B-00C04F79EFBC}") = "VixenDisplayVisualizer-2.1", "VixenDisplayVisualizer-2.1.csproj", "{F065CDF0-2C6D-4A8C-81D0-C53785E466A8}"
EndProject
Project("{FAE04EC0-301F-11D3-BF4B-00C04F79EFBC}") = "VixenDisplayVisualizer-2.5", "VixenDisplayVisualizer-2.5.csproj", "{9ADC2E21-C28E-46DB-97AE-30E325360A5D}"
EndProject
Global
	GlobalSection(SolutionConfigurationPlatforms) = preSolution
		Debug|Any CPU = Debug|Any CPU
		Release|Any CPU = Release|Any CPU
	EndGlobalSection
	GlobalSection(ProjectConfigurationPlatforms) = postSolution
		{F065CDF0-2C6D-4A8C-81D0-C53785E466A8}.Debug|Any CPU.ActiveCfg = Debug|Any CPU
		{F065CDF0-2C6D-4A8C-81D0-C53785E466A8}.Debug|Any CPU.Build.0 = Debug|Any CPU
		{F065CDF0-2C6D-4A8C-81D0-C53785E466A8}.Release|Any CPU.ActiveCfg = Release|Any CPU
		{F065CDF0-2C6D-4A8C-81D0-C53785E466A8}.Release|Any CPU.Build.0 = Release|Any CPU
		{9ADC2E21-C28E-46DB-97AE-30E325360A5D}.Debug|Any CPU.ActiveCfg = Debug|Any CPU
		{9ADC2E21-C28E-46DB-97AE-30E325360A5D}.Debug|Any CPU.Build.0 = Debug|Any CPU
		{9ADC2E21-C28E-46DB-97AE-30E325360A5D}.Release|Any CPU.ActiveCfg = Release|Any CPU
		{9ADC2E21-C28E-46DB-97AE-30E325360A5D}.Release|Any CPU.Build.0 = Release|Any CPU
	EndGlobalSection
	GlobalSection(SolutionProperties) = preSolution
		HideSolutionNode = FALSE
	EndGlobalSection
	GlobalSection(NestedProjects) = preSolution
		{A23EB4DF-AFEC-4EE6-A857-21762D0A2028} = {A216F22F-261A-449C-ABA7-3A6868DDA65A}
		{02CDE400-D07A-4148-A699-1118ABC93982} = {A216F22F-261A-449C-ABA7-3A6868DDA65A}
	EndGlobalSection
EndGlobal
